// !$*UTF8*$!
{
	archiveVersion = 1;
	classes = {
	};
	objectVersion = 46;
	objects = {

/* Begin PBXBuildFile section */
		7A840440221EA7920088739D /* RNIronSourceBanner.m in Sources */ = {isa = PBXBuildFile; fileRef = 7A84043F221EA7920088739D /* RNIronSourceBanner.m */; };
		B3E7B58A1CC2AC0600A0062D /* RNIronSourceRewardedVideo.m in Sources */ = {isa = PBXBuildFile; fileRef = B3E7B5891CC2AC0600A0062D /* RNIronSourceRewardedVideo.m */; };
		B58FBD931E9708C0001125A5 /* IronSource.framework in Frameworks */ = {isa = PBXBuildFile; fileRef = B58FBD921E9708C0001125A5 /* IronSource.framework */; };
		DC1FC5791FF20BB9002C4213 /* RNIronSource.m in Sources */ = {isa = PBXBuildFile; fileRef = DC1FC5751FF20BB9002C4213 /* RNIronSource.m */; };
		DC1FC57A1FF20BB9002C4213 /* RNIronSourceOfferwall.m in Sources */ = {isa = PBXBuildFile; fileRef = DC1FC5761FF20BB9002C4213 /* RNIronSourceOfferwall.m */; };
		DC678CC4213F9CE200C1A71C /* RNIronSourceInterstitials.m in Sources */ = {isa = PBXBuildFile; fileRef = DC678CC3213F9CE200C1A71C /* RNIronSourceInterstitials.m */; };
/* End PBXBuildFile section */

/* Begin PBXCopyFilesBuildPhase section */
		58B511D91A9E6C8500147676 /* CopyFiles */ = {
			isa = PBXCopyFilesBuildPhase;
			buildActionMask = 2147483647;
			dstPath = "include/$(PRODUCT_NAME)";
			dstSubfolderSpec = 16;
			files = (
			);
			runOnlyForDeploymentPostprocessing = 0;
		};
/* End PBXCopyFilesBuildPhase section */

/* Begin PBXFileReference section */
		134814201AA4EA6300B7C361 /* libRNIronSource.a */ = {isa = PBXFileReference; explicitFileType = archive.ar; includeInIndex = 0; path = libRNIronSource.a; sourceTree = BUILT_PRODUCTS_DIR; };
		7A84043F221EA7920088739D /* RNIronSourceBanner.m */ = {isa = PBXFileReference; lastKnownFileType = sourcecode.c.objc; path = RNIronSourceBanner.m; sourceTree = "<group>"; };
		7A840441221EA7C30088739D /* RNIronSourceBanner.h */ = {isa = PBXFileReference; lastKnownFileType = sourcecode.c.h; path = RNIronSourceBanner.h; sourceTree = "<group>"; };
		B3E7B5881CC2AC0600A0062D /* RNIronSourceRewardedVideo.h */ = {isa = PBXFileReference; fileEncoding = 4; lastKnownFileType = sourcecode.c.h; path = RNIronSourceRewardedVideo.h; sourceTree = "<group>"; };
		B3E7B5891CC2AC0600A0062D /* RNIronSourceRewardedVideo.m */ = {isa = PBXFileReference; fileEncoding = 4; lastKnownFileType = sourcecode.c.objc; path = RNIronSourceRewardedVideo.m; sourceTree = "<group>"; };
		B58FBD921E9708C0001125A5 /* IronSource.framework */ = {isa = PBXFileReference; lastKnownFileType = wrapper.framework; name = IronSource.framework; path = ../../../../Downloads/IronSource/IronSource.framework; sourceTree = "<group>"; };
		DC1FC5741FF20BB8002C4213 /* RNIronSourceOfferwall.h */ = {isa = PBXFileReference; fileEncoding = 4; lastKnownFileType = sourcecode.c.h; path = RNIronSourceOfferwall.h; sourceTree = "<group>"; };
		DC1FC5751FF20BB9002C4213 /* RNIronSource.m */ = {isa = PBXFileReference; fileEncoding = 4; lastKnownFileType = sourcecode.c.objc; path = RNIronSource.m; sourceTree = "<group>"; };
		DC1FC5761FF20BB9002C4213 /* RNIronSourceOfferwall.m */ = {isa = PBXFileReference; fileEncoding = 4; lastKnownFileType = sourcecode.c.objc; path = RNIronSourceOfferwall.m; sourceTree = "<group>"; };
		DC1FC5771FF20BB9002C4213 /* RNIronSource.h */ = {isa = PBXFileReference; fileEncoding = 4; lastKnownFileType = sourcecode.c.h; path = RNIronSource.h; sourceTree = "<group>"; };
		DC678CC3213F9CE200C1A71C /* RNIronSourceInterstitials.m */ = {isa = PBXFileReference; lastKnownFileType = sourcecode.c.objc; path = RNIronSourceInterstitials.m; sourceTree = "<group>"; };
		DC678CC5213F9CF400C1A71C /* RNIronSourceInterstitials.h */ = {isa = PBXFileReference; lastKnownFileType = sourcecode.c.h; path = RNIronSourceInterstitials.h; sourceTree = "<group>"; };
/* End PBXFileReference section */

/* Begin PBXFrameworksBuildPhase section */
		58B511D81A9E6C8500147676 /* Frameworks */ = {
			isa = PBXFrameworksBuildPhase;
			buildActionMask = 2147483647;
			files = (
				B58FBD931E9708C0001125A5 /* IronSource.framework in Frameworks */,
			);
			runOnlyForDeploymentPostprocessing = 0;
		};
/* End PBXFrameworksBuildPhase section */

/* Begin PBXGroup section */
		134814211AA4EA7D00B7C361 /* Products */ = {
			isa = PBXGroup;
			children = (
				134814201AA4EA6300B7C361 /* libRNIronSource.a */,
			);
			name = Products;
			sourceTree = "<group>";
		};
		58B511D21A9E6C8500147676 = {
			isa = PBXGroup;
			children = (
				B53E8EDD1DD2A18800FBABAC /* Frameworks */,
				DC1FC5771FF20BB9002C4213 /* RNIronSource.h */,
				DC1FC5751FF20BB9002C4213 /* RNIronSource.m */,
				DC1FC5741FF20BB8002C4213 /* RNIronSourceOfferwall.h */,
				7A84043F221EA7920088739D /* RNIronSourceBanner.m */,
				7A840441221EA7C30088739D /* RNIronSourceBanner.h */,
				DC1FC5761FF20BB9002C4213 /* RNIronSourceOfferwall.m */,
				B3E7B5881CC2AC0600A0062D /* RNIronSourceRewardedVideo.h */,
				B3E7B5891CC2AC0600A0062D /* RNIronSourceRewardedVideo.m */,
				DC678CC5213F9CF400C1A71C /* RNIronSourceInterstitials.h */,
				DC678CC3213F9CE200C1A71C /* RNIronSourceInterstitials.m */,
				134814211AA4EA7D00B7C361 /* Products */,
			);
			sourceTree = "<group>";
		};
		B53E8EDD1DD2A18800FBABAC /* Frameworks */ = {
			isa = PBXGroup;
			children = (
				B58FBD921E9708C0001125A5 /* IronSource.framework */,
			);
			name = Frameworks;
			sourceTree = "<group>";
		};
/* End PBXGroup section */

/* Begin PBXNativeTarget section */
		58B511DA1A9E6C8500147676 /* RNIronSource */ = {
			isa = PBXNativeTarget;
			buildConfigurationList = 58B511EF1A9E6C8500147676 /* Build configuration list for PBXNativeTarget "RNIronSource" */;
			buildPhases = (
				58B511D71A9E6C8500147676 /* Sources */,
				58B511D81A9E6C8500147676 /* Frameworks */,
				58B511D91A9E6C8500147676 /* CopyFiles */,
			);
			buildRules = (
			);
			dependencies = (
			);
			name = RNIronSource;
			productName = RCTDataManager;
			productReference = 134814201AA4EA6300B7C361 /* libRNIronSource.a */;
			productType = "com.apple.product-type.library.static";
		};
/* End PBXNativeTarget section */

/* Begin PBXProject section */
		58B511D31A9E6C8500147676 /* Project object */ = {
			isa = PBXProject;
			attributes = {
				LastUpgradeCheck = 0610;
				ORGANIZATIONNAME = Facebook;
				TargetAttributes = {
					58B511DA1A9E6C8500147676 = {
						CreatedOnToolsVersion = 6.1.1;
					};
				};
			};
			buildConfigurationList = 58B511D61A9E6C8500147676 /* Build configuration list for PBXProject "RNIronSource" */;
			compatibilityVersion = "Xcode 3.2";
			developmentRegion = English;
			hasScannedForEncodings = 0;
			knownRegions = (
				en,
			);
			mainGroup = 58B511D21A9E6C8500147676;
			productRefGroup = 58B511D21A9E6C8500147676;
			projectDirPath = "";
			projectRoot = "";
			targets = (
				58B511DA1A9E6C8500147676 /* RNIronSource */,
			);
		};
/* End PBXProject section */

/* Begin PBXSourcesBuildPhase section */
		58B511D71A9E6C8500147676 /* Sources */ = {
			isa = PBXSourcesBuildPhase;
			buildActionMask = 2147483647;
			files = (
				DC1FC5791FF20BB9002C4213 /* RNIronSource.m in Sources */,
				B3E7B58A1CC2AC0600A0062D /* RNIronSourceRewardedVideo.m in Sources */,
				DC1FC57A1FF20BB9002C4213 /* RNIronSourceOfferwall.m in Sources */,
				7A840440221EA7920088739D /* RNIronSourceBanner.m in Sources */,
				DC678CC4213F9CE200C1A71C /* RNIronSourceInterstitials.m in Sources */,
			);
			runOnlyForDeploymentPostprocessing = 0;
		};
/* End PBXSourcesBuildPhase section */

/* Begin XCBuildConfiguration section */
		58B511ED1A9E6C8500147676 /* Debug */ = {
			isa = XCBuildConfiguration;
			buildSettings = {
				ALWAYS_SEARCH_USER_PATHS = NO;
				CLANG_CXX_LANGUAGE_STANDARD = "gnu++0x";
				CLANG_CXX_LIBRARY = "libc++";
				CLANG_ENABLE_MODULES = YES;
				CLANG_ENABLE_OBJC_ARC = YES;
				CLANG_WARN_BOOL_CONVERSION = YES;
				CLANG_WARN_CONSTANT_CONVERSION = YES;
				CLANG_WARN_DIRECT_OBJC_ISA_USAGE = YES_ERROR;
				CLANG_WARN_EMPTY_BODY = YES;
				CLANG_WARN_ENUM_CONVERSION = YES;
				CLANG_WARN_INT_CONVERSION = YES;
				CLANG_WARN_OBJC_ROOT_CLASS = YES_ERROR;
				CLANG_WARN_UNREACHABLE_CODE = YES;
				CLANG_WARN__DUPLICATE_METHOD_MATCH = YES;
				COPY_PHASE_STRIP = NO;
				ENABLE_STRICT_OBJC_MSGSEND = YES;
				GCC_C_LANGUAGE_STANDARD = gnu99;
				GCC_DYNAMIC_NO_PIC = NO;
				GCC_OPTIMIZATION_LEVEL = 0;
				GCC_PREPROCESSOR_DEFINITIONS = (
					"DEBUG=1",
					"$(inherited)",
				);
				GCC_SYMBOLS_PRIVATE_EXTERN = NO;
				GCC_WARN_64_TO_32_BIT_CONVERSION = YES;
				GCC_WARN_ABOUT_RETURN_TYPE = YES_ERROR;
				GCC_WARN_UNDECLARED_SELECTOR = YES;
				GCC_WARN_UNINITIALIZED_AUTOS = YES_AGGRESSIVE;
				GCC_WARN_UNUSED_FUNCTION = YES;
				GCC_WARN_UNUSED_VARIABLE = YES;
				IPHONEOS_DEPLOYMENT_TARGET = 7.0;
				MTL_ENABLE_DEBUG_INFO = YES;
				ONLY_ACTIVE_ARCH = YES;
				SDKROOT = iphoneos;
			};
			name = Debug;
		};
		58B511EE1A9E6C8500147676 /* Release */ = {
			isa = XCBuildConfiguration;
			buildSettings = {
				ALWAYS_SEARCH_USER_PATHS = NO;
				CLANG_CXX_LANGUAGE_STANDARD = "gnu++0x";
				CLANG_CXX_LIBRARY = "libc++";
				CLANG_ENABLE_MODULES = YES;
				CLANG_ENABLE_OBJC_ARC = YES;
				CLANG_WARN_BOOL_CONVERSION = YES;
				CLANG_WARN_CONSTANT_CONVERSION = YES;
				CLANG_WARN_DIRECT_OBJC_ISA_USAGE = YES_ERROR;
				CLANG_WARN_EMPTY_BODY = YES;
				CLANG_WARN_ENUM_CONVERSION = YES;
				CLANG_WARN_INT_CONVERSION = YES;
				CLANG_WARN_OBJC_ROOT_CLASS = YES_ERROR;
				CLANG_WARN_UNREACHABLE_CODE = YES;
				CLANG_WARN__DUPLICATE_METHOD_MATCH = YES;
				COPY_PHASE_STRIP = YES;
				ENABLE_NS_ASSERTIONS = NO;
				ENABLE_STRICT_OBJC_MSGSEND = YES;
				GCC_C_LANGUAGE_STANDARD = gnu99;
				GCC_WARN_64_TO_32_BIT_CONVERSION = YES;
				GCC_WARN_ABOUT_RETURN_TYPE = YES_ERROR;
				GCC_WARN_UNDECLARED_SELECTOR = YES;
				GCC_WARN_UNINITIALIZED_AUTOS = YES_AGGRESSIVE;
				GCC_WARN_UNUSED_FUNCTION = YES;
				GCC_WARN_UNUSED_VARIABLE = YES;
				IPHONEOS_DEPLOYMENT_TARGET = 7.0;
				MTL_ENABLE_DEBUG_INFO = NO;
				SDKROOT = iphoneos;
				VALIDATE_PRODUCT = YES;
			};
			name = Release;
		};
		58B511F01A9E6C8500147676 /* Debug */ = {
			isa = XCBuildConfiguration;
			buildSettings = {
				FRAMEWORK_SEARCH_PATHS = (
					"~/Documents/IronSourceSDK",
					"$(PROJECT_DIR)/../../../ios/Frameworks",
				);
				HEADER_SEARCH_PATHS = (
					"$(inherited)",
					/Applications/Xcode.app/Contents/Developer/Toolchains/XcodeDefault.xctoolchain/usr/include,
					"$(SRCROOT)/../../react-native/React/**",
					"$(SRCROOT)/../../react-native/ReactCommon/**",
				);
				LIBRARY_SEARCH_PATHS = "$(inherited)";
				OTHER_LDFLAGS = "-ObjC";
				PRODUCT_NAME = RNIronSource;
				SKIP_INSTALL = YES;
			};
			name = Debug;
		};
		58B511F11A9E6C8500147676 /* Release */ = {
			isa = XCBuildConfiguration;
			buildSettings = {
				FRAMEWORK_SEARCH_PATHS = (
					"~/Documents/IronSourceSDK",
					"$(PROJECT_DIR)/../../../ios/Frameworks",
				);
				HEADER_SEARCH_PATHS = (
					"$(inherited)",
					/Applications/Xcode.app/Contents/Developer/Toolchains/XcodeDefault.xctoolchain/usr/include,
					"$(SRCROOT)/../../react-native/React/**",
					"$(SRCROOT)/../../react-native/ReactCommon/**",
				);
				LIBRARY_SEARCH_PATHS = "$(inherited)";
				OTHER_LDFLAGS = "-ObjC";
				PRODUCT_NAME = RNIronSource;
				SKIP_INSTALL = YES;
			};
			name = Release;
		};
/* End XCBuildConfiguration section */

/* Begin XCConfigurationList section */
		58B511D61A9E6C8500147676 /* Build configuration list for PBXProject "RNIronSource" */ = {
			isa = XCConfigurationList;
			buildConfigurations = (
				58B511ED1A9E6C8500147676 /* Debug */,
				58B511EE1A9E6C8500147676 /* Release */,
			);
			defaultConfigurationIsVisible = 0;
			defaultConfigurationName = Release;
		};
		58B511EF1A9E6C8500147676 /* Build configuration list for PBXNativeTarget "RNIronSource" */ = {
			isa = XCConfigurationList;
			buildConfigurations = (
				58B511F01A9E6C8500147676 /* Debug */,
				58B511F11A9E6C8500147676 /* Release */,
			);
			defaultConfigurationIsVisible = 0;
			defaultConfigurationName = Release;
		};
/* End XCConfigurationList section */
	};
	rootObject = 58B511D31A9E6C8500147676 /* Project object */;
}
